
Microsoft Visual Studio Solution File, Format Version 12.00
# Visual Studio Version 17
VisualStudioVersion = 17.0.32112.339
MinimumVisualStudioVersion = 10.0.40219.1
Project("{2150E333-8FDC-42A3-9474-1A3956D46DE8}") = "Presentation", "Presentation", "{A9DF0900-8076-414F-83E4-D690BA3F9027}"
EndProject
Project("{9A19103F-16F7-4668-BE54-9A1E7A4F7556}") = "Presentation", "Presentation\Presentation.csproj", "{AF97913F-65DF-4A54-B2F6-81B821375FC8}"
EndProject
Project("{2150E333-8FDC-42A3-9474-1A3956D46DE8}") = "Infrastructure", "Infrastructure", "{26779770-FDFA-4422-A19F-EF932B76A4CE}"
EndProject
Project("{9A19103F-16F7-4668-BE54-9A1E7A4F7556}") = "Infrastructure", "Infrastructure\Infrastructure.csproj", "{FFF1FA66-ADC5-40F2-A827-F74DD1A868C9}"
EndProject
Project("{2150E333-8FDC-42A3-9474-1A3956D46DE8}") = "Domain", "Domain", "{C1F7586A-D6CD-427E-8453-F8284738FFD0}"
EndProject
Project("{9A19103F-16F7-4668-BE54-9A1E7A4F7556}") = "Domain", "Domain\Domain.csproj", "{BC7617CA-5288-4A4E-8C5A-1D9FC7197710}"
EndProject
Global
	GlobalSection(SolutionConfigurationPlatforms) = preSolution
		Debug|Any CPU = Debug|Any CPU
		Release|Any CPU = Release|Any CPU
	EndGlobalSection
	GlobalSection(ProjectConfigurationPlatforms) = postSolution
		{AF97913F-65DF-4A54-B2F6-81B821375FC8}.Debug|Any CPU.ActiveCfg = Debug|Any CPU
		{AF97913F-65DF-4A54-B2F6-81B821375FC8}.Debug|Any CPU.Build.0 = Debug|Any CPU
		{AF97913F-65DF-4A54-B2F6-81B821375FC8}.Release|Any CPU.ActiveCfg = Release|Any CPU
		{AF97913F-65DF-4A54-B2F6-81B821375FC8}.Release|Any CPU.Build.0 = Release|Any CPU
		{FFF1FA66-ADC5-40F2-A827-F74DD1A868C9}.Debug|Any CPU.ActiveCfg = Debug|Any CPU
		{FFF1FA66-ADC5-40F2-A827-F74DD1A868C9}.Debug|Any CPU.Build.0 = Debug|Any CPU
		{FFF1FA66-ADC5-40F2-A827-F74DD1A868C9}.Release|Any CPU.ActiveCfg = Release|Any CPU
		{FFF1FA66-ADC5-40F2-A827-F74DD1A868C9}.Release|Any CPU.Build.0 = Release|Any CPU
		{BC7617CA-5288-4A4E-8C5A-1D9FC7197710}.Debug|Any CPU.ActiveCfg = Debug|Any CPU
		{BC7617CA-5288-4A4E-8C5A-1D9FC7197710}.Debug|Any CPU.Build.0 = Debug|Any CPU
		{BC7617CA-5288-4A4E-8C5A-1D9FC7197710}.Release|Any CPU.ActiveCfg = Release|Any CPU
		{BC7617CA-5288-4A4E-8C5A-1D9FC7197710}.Release|Any CPU.Build.0 = Release|Any CPU
	EndGlobalSection
	GlobalSection(SolutionProperties) = preSolution
		HideSolutionNode = FALSE
	EndGlobalSection
	GlobalSection(NestedProjects) = preSolution
		{AF97913F-65DF-4A54-B2F6-81B821375FC8} = {A9DF0900-8076-414F-83E4-D690BA3F9027}
		{FFF1FA66-ADC5-40F2-A827-F74DD1A868C9} = {26779770-FDFA-4422-A19F-EF932B76A4CE}
		{BC7617CA-5288-4A4E-8C5A-1D9FC7197710} = {C1F7586A-D6CD-427E-8453-F8284738FFD0}
	EndGlobalSection
	GlobalSection(ExtensibilityGlobals) = postSolution
		SolutionGuid = {27DD2229-5C4C-4AE5-9C7D-46C659B11F08}
	EndGlobalSection
EndGlobal
